
Microsoft Visual Studio Solution File, Format Version 12.00
# Visual Studio 15
VisualStudioVersion = 15.0.28307.757
MinimumVisualStudioVersion = 10.0.40219.1
Project("{FAE04EC0-301F-11D3-BF4B-00C04F79EFBC}") = "AdvanceTourismGuide", "AdvanceTourismGuide\AdvanceTourismGuide.csproj", "{DF51A822-F811-413E-99E1-D6C28F8B28E8}"
EndProject
Global
	GlobalSection(SolutionConfigurationPlatforms) = preSolution
		Debug|Any CPU = Debug|Any CPU
		Release|Any CPU = Release|Any CPU
	EndGlobalSection
	GlobalSection(ProjectConfigurationPlatforms) = postSolution
		{DF51A822-F811-413E-99E1-D6C28F8B28E8}.Debug|Any CPU.ActiveCfg = Debug|Any CPU
		{DF51A822-F811-413E-99E1-D6C28F8B28E8}.Debug|Any CPU.Build.0 = Debug|Any CPU
		{DF51A822-F811-413E-99E1-D6C28F8B28E8}.Release|Any CPU.ActiveCfg = Release|Any CPU
		{DF51A822-F811-413E-99E1-D6C28F8B28E8}.Release|Any CPU.Build.0 = Release|Any CPU
	EndGlobalSection
	GlobalSection(SolutionProperties) = preSolution
		HideSolutionNode = FALSE
	EndGlobalSection
	GlobalSection(ExtensibilityGlobals) = postSolution
		SolutionGuid = {1685A680-C6EF-4B52-824E-CF247648DF1B}
	EndGlobalSection
EndGlobal
